// !$*UTF8*$!
{
	archiveVersion = 1;
	classes = {
	};
	objectVersion = 46;
	objects = {

/* Begin PBXBuildFile section */
		0ABA9E921C7B4324007DA18D /* AppDelegate.swift in Sources */ = {isa = PBXBuildFile; fileRef = 0ABA9E911C7B4324007DA18D /* AppDelegate.swift */; };
		0ABA9E941C7B4324007DA18D /* MasterViewController.swift in Sources */ = {isa = PBXBuildFile; fileRef = 0ABA9E931C7B4324007DA18D /* MasterViewController.swift */; };
		0ABA9E961C7B4324007DA18D /* DetailViewController.swift in Sources */ = {isa = PBXBuildFile; fileRef = 0ABA9E951C7B4324007DA18D /* DetailViewController.swift */; };
		0ABA9E991C7B4324007DA18D /* Main.storyboard in Resources */ = {isa = PBXBuildFile; fileRef = 0ABA9E971C7B4324007DA18D /* Main.storyboard */; };
		0ABA9E9B1C7B4324007DA18D /* Assets.xcassets in Resources */ = {isa = PBXBuildFile; fileRef = 0ABA9E9A1C7B4324007DA18D /* Assets.xcassets */; };
		0ABA9E9E1C7B4324007DA18D /* LaunchScreen.storyboard in Resources */ = {isa = PBXBuildFile; fileRef = 0ABA9E9C1C7B4324007DA18D /* LaunchScreen.storyboard */; };
		0ABA9EA91C7B4324007DA18D /* TwitterClientTests.swift in Sources */ = {isa = PBXBuildFile; fileRef = 0ABA9EA81C7B4324007DA18D /* TwitterClientTests.swift */; };
		0ABA9EB41C7B4324007DA18D /* TwitterClientUITests.swift in Sources */ = {isa = PBXBuildFile; fileRef = 0ABA9EB31C7B4324007DA18D /* TwitterClientUITests.swift */; };
/* End PBXBuildFile section */

/* Begin PBXContainerItemProxy section */
		0ABA9EA51C7B4324007DA18D /* PBXContainerItemProxy */ = {
			isa = PBXContainerItemProxy;
			containerPortal = 0ABA9E861C7B4324007DA18D /* Project object */;
			proxyType = 1;
			remoteGlobalIDString = 0ABA9E8D1C7B4324007DA18D;
			remoteInfo = TwitterClient;
		};
		0ABA9EB01C7B4324007DA18D /* PBXContainerItemProxy */ = {
			isa = PBXContainerItemProxy;
			containerPortal = 0ABA9E861C7B4324007DA18D /* Project object */;
			proxyType = 1;
			remoteGlobalIDString = 0ABA9E8D1C7B4324007DA18D;
			remoteInfo = TwitterClient;
		};
/* End PBXContainerItemProxy section */

/* Begin PBXFileReference section */
		0ABA9E8E1C7B4324007DA18D /* TwitterClient.app */ = {isa = PBXFileReference; explicitFileType = wrapper.application; includeInIndex = 0; path = TwitterClient.app; sourceTree = BUILT_PRODUCTS_DIR; };
		0ABA9E911C7B4324007DA18D /* AppDelegate.swift */ = {isa = PBXFileReference; lastKnownFileType = sourcecode.swift; path = AppDelegate.swift; sourceTree = "<group>"; };
		0ABA9E931C7B4324007DA18D /* MasterViewController.swift */ = {isa = PBXFileReference; lastKnownFileType = sourcecode.swift; path = MasterViewController.swift; sourceTree = "<group>"; };
		0ABA9E951C7B4324007DA18D /* DetailViewController.swift */ = {isa = PBXFileReference; lastKnownFileType = sourcecode.swift; path = DetailViewController.swift; sourceTree = "<group>"; };
		0ABA9E981C7B4324007DA18D /* Base */ = {isa = PBXFileReference; lastKnownFileType = file.storyboard; name = Base; path = Base.lproj/Main.storyboard; sourceTree = "<group>"; };
		0ABA9E9A1C7B4324007DA18D /* Assets.xcassets */ = {isa = PBXFileReference; lastKnownFileType = folder.assetcatalog; path = Assets.xcassets; sourceTree = "<group>"; };
		0ABA9E9D1C7B4324007DA18D /* Base */ = {isa = PBXFileReference; lastKnownFileType = file.storyboard; name = Base; path = Base.lproj/LaunchScreen.storyboard; sourceTree = "<group>"; };
		0ABA9E9F1C7B4324007DA18D /* Info.plist */ = {isa = PBXFileReference; lastKnownFileType = text.plist.xml; path = Info.plist; sourceTree = "<group>"; };
		0ABA9EA41C7B4324007DA18D /* TwitterClientTests.xctest */ = {isa = PBXFileReference; explicitFileType = wrapper.cfbundle; includeInIndex = 0; path = TwitterClientTests.xctest; sourceTree = BUILT_PRODUCTS_DIR; };
		0ABA9EA81C7B4324007DA18D /* TwitterClientTests.swift */ = {isa = PBXFileReference; lastKnownFileType = sourcecode.swift; path = TwitterClientTests.swift; sourceTree = "<group>"; };
		0ABA9EAA1C7B4324007DA18D /* Info.plist */ = {isa = PBXFileReference; lastKnownFileType = text.plist.xml; path = Info.plist; sourceTree = "<group>"; };
		0ABA9EAF1C7B4324007DA18D /* TwitterClientUITests.xctest */ = {isa = PBXFileReference; explicitFileType = wrapper.cfbundle; includeInIndex = 0; path = TwitterClientUITests.xctest; sourceTree = BUILT_PRODUCTS_DIR; };
		0ABA9EB31C7B4324007DA18D /* TwitterClientUITests.swift */ = {isa = PBXFileReference; lastKnownFileType = sourcecode.swift; path = TwitterClientUITests.swift; sourceTree = "<group>"; };
		0ABA9EB51C7B4324007DA18D /* Info.plist */ = {isa = PBXFileReference; lastKnownFileType = text.plist.xml; path = Info.plist; sourceTree = "<group>"; };
/* End PBXFileReference section */

/* Begin PBXFrameworksBuildPhase section */
		0ABA9E8B1C7B4324007DA18D /* Frameworks */ = {
			isa = PBXFrameworksBuildPhase;
			buildActionMask = 2147483647;
			files = (
			);
			runOnlyForDeploymentPostprocessing = 0;
		};
		0ABA9EA11C7B4324007DA18D /* Frameworks */ = {
			isa = PBXFrameworksBuildPhase;
			buildActionMask = 2147483647;
			files = (
			);
			runOnlyForDeploymentPostprocessing = 0;
		};
		0ABA9EAC1C7B4324007DA18D /* Frameworks */ = {
			isa = PBXFrameworksBuildPhase;
			buildActionMask = 2147483647;
			files = (
			);
			runOnlyForDeploymentPostprocessing = 0;
		};
/* End PBXFrameworksBuildPhase section */

/* Begin PBXGroup section */
		0ABA9E851C7B4324007DA18D = {
			isa = PBXGroup;
			children = (
				0ABA9E901C7B4324007DA18D /* TwitterClient */,
				0ABA9EA71C7B4324007DA18D /* TwitterClientTests */,
				0ABA9EB21C7B4324007DA18D /* TwitterClientUITests */,
				0ABA9E8F1C7B4324007DA18D /* Products */,
			);
			sourceTree = "<group>";
		};
		0ABA9E8F1C7B4324007DA18D /* Products */ = {
			isa = PBXGroup;
			children = (
				0ABA9E8E1C7B4324007DA18D /* TwitterClient.app */,
				0ABA9EA41C7B4324007DA18D /* TwitterClientTests.xctest */,
				0ABA9EAF1C7B4324007DA18D /* TwitterClientUITests.xctest */,
			);
			name = Products;
			sourceTree = "<group>";
		};
		0ABA9E901C7B4324007DA18D /* TwitterClient */ = {
			isa = PBXGroup;
			children = (
				0ABA9E911C7B4324007DA18D /* AppDelegate.swift */,
				0ABA9E931C7B4324007DA18D /* MasterViewController.swift */,
				0ABA9E951C7B4324007DA18D /* DetailViewController.swift */,
				0ABA9E971C7B4324007DA18D /* Main.storyboard */,
				0ABA9E9A1C7B4324007DA18D /* Assets.xcassets */,
				0ABA9E9C1C7B4324007DA18D /* LaunchScreen.storyboard */,
				0ABA9E9F1C7B4324007DA18D /* Info.plist */,
			);
			path = TwitterClient;
			sourceTree = "<group>";
		};
		0ABA9EA71C7B4324007DA18D /* TwitterClientTests */ = {
			isa = PBXGroup;
			children = (
				0ABA9EA81C7B4324007DA18D /* TwitterClientTests.swift */,
				0ABA9EAA1C7B4324007DA18D /* Info.plist */,
			);
			path = TwitterClientTests;
			sourceTree = "<group>";
		};
		0ABA9EB21C7B4324007DA18D /* TwitterClientUITests */ = {
			isa = PBXGroup;
			children = (
				0ABA9EB31C7B4324007DA18D /* TwitterClientUITests.swift */,
				0ABA9EB51C7B4324007DA18D /* Info.plist */,
			);
			path = TwitterClientUITests;
			sourceTree = "<group>";
		};
/* End PBXGroup section */

/* Begin PBXNativeTarget section */
		0ABA9E8D1C7B4324007DA18D /* TwitterClient */ = {
			isa = PBXNativeTarget;
			buildConfigurationList = 0ABA9EB81C7B4324007DA18D /* Build configuration list for PBXNativeTarget "TwitterClient" */;
			buildPhases = (
				0ABA9E8A1C7B4324007DA18D /* Sources */,
				0ABA9E8B1C7B4324007DA18D /* Frameworks */,
				0ABA9E8C1C7B4324007DA18D /* Resources */,
			);
			buildRules = (
			);
			dependencies = (
			);
			name = TwitterClient;
			productName = TwitterClient;
			productReference = 0ABA9E8E1C7B4324007DA18D /* TwitterClient.app */;
			productType = "com.apple.product-type.application";
		};
		0ABA9EA31C7B4324007DA18D /* TwitterClientTests */ = {
			isa = PBXNativeTarget;
			buildConfigurationList = 0ABA9EBB1C7B4324007DA18D /* Build configuration list for PBXNativeTarget "TwitterClientTests" */;
			buildPhases = (
				0ABA9EA01C7B4324007DA18D /* Sources */,
				0ABA9EA11C7B4324007DA18D /* Frameworks */,
				0ABA9EA21C7B4324007DA18D /* Resources */,
			);
			buildRules = (
			);
			dependencies = (
				0ABA9EA61C7B4324007DA18D /* PBXTargetDependency */,
			);
			name = TwitterClientTests;
			productName = TwitterClientTests;
			productReference = 0ABA9EA41C7B4324007DA18D /* TwitterClientTests.xctest */;
			productType = "com.apple.product-type.bundle.unit-test";
		};
		0ABA9EAE1C7B4324007DA18D /* TwitterClientUITests */ = {
			isa = PBXNativeTarget;
			buildConfigurationList = 0ABA9EBE1C7B4324007DA18D /* Build configuration list for PBXNativeTarget "TwitterClientUITests" */;
			buildPhases = (
				0ABA9EAB1C7B4324007DA18D /* Sources */,
				0ABA9EAC1C7B4324007DA18D /* Frameworks */,
				0ABA9EAD1C7B4324007DA18D /* Resources */,
			);
			buildRules = (
			);
			dependencies = (
				0ABA9EB11C7B4324007DA18D /* PBXTargetDependency */,
			);
			name = TwitterClientUITests;
			productName = TwitterClientUITests;
			productReference = 0ABA9EAF1C7B4324007DA18D /* TwitterClientUITests.xctest */;
			productType = "com.apple.product-type.bundle.ui-testing";
		};
/* End PBXNativeTarget section */

/* Begin PBXProject section */
		0ABA9E861C7B4324007DA18D /* Project object */ = {
			isa = PBXProject;
			attributes = {
				LastSwiftUpdateCheck = 0720;
				LastUpgradeCheck = 0720;
				ORGANIZATIONNAME = lise_ho;
				TargetAttributes = {
					0ABA9E8D1C7B4324007DA18D = {
						CreatedOnToolsVersion = 7.2.1;
					};
					0ABA9EA31C7B4324007DA18D = {
						CreatedOnToolsVersion = 7.2.1;
						TestTargetID = 0ABA9E8D1C7B4324007DA18D;
					};
					0ABA9EAE1C7B4324007DA18D = {
						CreatedOnToolsVersion = 7.2.1;
						TestTargetID = 0ABA9E8D1C7B4324007DA18D;
					};
				};
			};
			buildConfigurationList = 0ABA9E891C7B4324007DA18D /* Build configuration list for PBXProject "TwitterClient" */;
			compatibilityVersion = "Xcode 3.2";
			developmentRegion = English;
			hasScannedForEncodings = 0;
			knownRegions = (
				en,
				Base,
			);
			mainGroup = 0ABA9E851C7B4324007DA18D;
			productRefGroup = 0ABA9E8F1C7B4324007DA18D /* Products */;
			projectDirPath = "";
			projectRoot = "";
			targets = (
				0ABA9E8D1C7B4324007DA18D /* TwitterClient */,
				0ABA9EA31C7B4324007DA18D /* TwitterClientTests */,
				0ABA9EAE1C7B4324007DA18D /* TwitterClientUITests */,
			);
		};
/* End PBXProject section */

/* Begin PBXResourcesBuildPhase section */
		0ABA9E8C1C7B4324007DA18D /* Resources */ = {
			isa = PBXResourcesBuildPhase;
			buildActionMask = 2147483647;
			files = (
				0ABA9E9E1C7B4324007DA18D /* LaunchScreen.storyboard in Resources */,
				0ABA9E9B1C7B4324007DA18D /* Assets.xcassets in Resources */,
				0ABA9E991C7B4324007DA18D /* Main.storyboard in Resources */,
			);
			runOnlyForDeploymentPostprocessing = 0;
		};
		0ABA9EA21C7B4324007DA18D /* Resources */ = {
			isa = PBXResourcesBuildPhase;
			buildActionMask = 2147483647;
			files = (
			);
			runOnlyForDeploymentPostprocessing = 0;
		};
		0ABA9EAD1C7B4324007DA18D /* Resources */ = {
			isa = PBXResourcesBuildPhase;
			buildActionMask = 2147483647;
			files = (
			);
			runOnlyForDeploymentPostprocessing = 0;
		};
/* End PBXResourcesBuildPhase section */

/* Begin PBXSourcesBuildPhase section */
		0ABA9E8A1C7B4324007DA18D /* Sources */ = {
			isa = PBXSourcesBuildPhase;
			buildActionMask = 2147483647;
			files = (
				0ABA9E961C7B4324007DA18D /* DetailViewController.swift in Sources */,
				0ABA9E941C7B4324007DA18D /* MasterViewController.swift in Sources */,
				0ABA9E921C7B4324007DA18D /* AppDelegate.swift in Sources */,
			);
			runOnlyForDeploymentPostprocessing = 0;
		};
		0ABA9EA01C7B4324007DA18D /* Sources */ = {
			isa = PBXSourcesBuildPhase;
			buildActionMask = 2147483647;
			files = (
				0ABA9EA91C7B4324007DA18D /* TwitterClientTests.swift in Sources */,
			);
			runOnlyForDeploymentPostprocessing = 0;
		};
		0ABA9EAB1C7B4324007DA18D /* Sources */ = {
			isa = PBXSourcesBuildPhase;
			buildActionMask = 2147483647;
			files = (
				0ABA9EB41C7B4324007DA18D /* TwitterClientUITests.swift in Sources */,
			);
			runOnlyForDeploymentPostprocessing = 0;
		};
/* End PBXSourcesBuildPhase section */

/* Begin PBXTargetDependency section */
		0ABA9EA61C7B4324007DA18D /* PBXTargetDependency */ = {
			isa = PBXTargetDependency;
			target = 0ABA9E8D1C7B4324007DA18D /* TwitterClient */;
			targetProxy = 0ABA9EA51C7B4324007DA18D /* PBXContainerItemProxy */;
		};
		0ABA9EB11C7B4324007DA18D /* PBXTargetDependency */ = {
			isa = PBXTargetDependency;
			target = 0ABA9E8D1C7B4324007DA18D /* TwitterClient */;
			targetProxy = 0ABA9EB01C7B4324007DA18D /* PBXContainerItemProxy */;
		};
/* End PBXTargetDependency section */

/* Begin PBXVariantGroup section */
		0ABA9E971C7B4324007DA18D /* Main.storyboard */ = {
			isa = PBXVariantGroup;
			children = (
				0ABA9E981C7B4324007DA18D /* Base */,
			);
			name = Main.storyboard;
			sourceTree = "<group>";
		};
		0ABA9E9C1C7B4324007DA18D /* LaunchScreen.storyboard */ = {
			isa = PBXVariantGroup;
			children = (
				0ABA9E9D1C7B4324007DA18D /* Base */,
			);
			name = LaunchScreen.storyboard;
			sourceTree = "<group>";
		};
/* End PBXVariantGroup section */

/* Begin XCBuildConfiguration section */
		0ABA9EB61C7B4324007DA18D /* Debug */ = {
			isa = XCBuildConfiguration;
			buildSettings = {
				ALWAYS_SEARCH_USER_PATHS = NO;
				CLANG_CXX_LANGUAGE_STANDARD = "gnu++0x";
				CLANG_CXX_LIBRARY = "libc++";
				CLANG_ENABLE_MODULES = YES;
				CLANG_ENABLE_OBJC_ARC = YES;
				CLANG_WARN_BOOL_CONVERSION = YES;
				CLANG_WARN_CONSTANT_CONVERSION = YES;
				CLANG_WARN_DIRECT_OBJC_ISA_USAGE = YES_ERROR;
				CLANG_WARN_EMPTY_BODY = YES;
				CLANG_WARN_ENUM_CONVERSION = YES;
				CLANG_WARN_INT_CONVERSION = YES;
				CLANG_WARN_OBJC_ROOT_CLASS = YES_ERROR;
				CLANG_WARN_UNREACHABLE_CODE = YES;
				CLANG_WARN__DUPLICATE_METHOD_MATCH = YES;
				"CODE_SIGN_IDENTITY[sdk=iphoneos*]" = "iPhone Developer";
				COPY_PHASE_STRIP = NO;
				DEBUG_INFORMATION_FORMAT = dwarf;
				ENABLE_STRICT_OBJC_MSGSEND = YES;
				ENABLE_TESTABILITY = YES;
				GCC_C_LANGUAGE_STANDARD = gnu99;
				GCC_DYNAMIC_NO_PIC = NO;
				GCC_NO_COMMON_BLOCKS = YES;
				GCC_OPTIMIZATION_LEVEL = 0;
				GCC_PREPROCESSOR_DEFINITIONS = (
					"DEBUG=1",
					"$(inherited)",
				);
				GCC_WARN_64_TO_32_BIT_CONVERSION = YES;
				GCC_WARN_ABOUT_RETURN_TYPE = YES_ERROR;
				GCC_WARN_UNDECLARED_SELECTOR = YES;
				GCC_WARN_UNINITIALIZED_AUTOS = YES_AGGRESSIVE;
				GCC_WARN_UNUSED_FUNCTION = YES;
				GCC_WARN_UNUSED_VARIABLE = YES;
				IPHONEOS_DEPLOYMENT_TARGET = 9.2;
				MTL_ENABLE_DEBUG_INFO = YES;
				ONLY_ACTIVE_ARCH = YES;
				SDKROOT = iphoneos;
				SWIFT_OPTIMIZATION_LEVEL = "-Onone";
				TARGETED_DEVICE_FAMILY = "1,2";
			};
			name = Debug;
		};
		0ABA9EB71C7B4324007DA18D /* Release */ = {
			isa = XCBuildConfiguration;
			buildSettings = {
				ALWAYS_SEARCH_USER_PATHS = NO;
				CLANG_CXX_LANGUAGE_STANDARD = "gnu++0x";
				CLANG_CXX_LIBRARY = "libc++";
				CLANG_ENABLE_MODULES = YES;
				CLANG_ENABLE_OBJC_ARC = YES;
				CLANG_WARN_BOOL_CONVERSION = YES;
				CLANG_WARN_CONSTANT_CONVERSION = YES;
				CLANG_WARN_DIRECT_OBJC_ISA_USAGE = YES_ERROR;
				CLANG_WARN_EMPTY_BODY = YES;
				CLANG_WARN_ENUM_CONVERSION = YES;
				CLANG_WARN_INT_CONVERSION = YES;
				CLANG_WARN_OBJC_ROOT_CLASS = YES_ERROR;
				CLANG_WARN_UNREACHABLE_CODE = YES;
				CLANG_WARN__DUPLICATE_METHOD_MATCH = YES;
				"CODE_SIGN_IDENTITY[sdk=iphoneos*]" = "iPhone Developer";
				COPY_PHASE_STRIP = NO;
				DEBUG_INFORMATION_FORMAT = "dwarf-with-dsym";
				ENABLE_NS_ASSERTIONS = NO;
				ENABLE_STRICT_OBJC_MSGSEND = YES;
				GCC_C_LANGUAGE_STANDARD = gnu99;
				GCC_NO_COMMON_BLOCKS = YES;
				GCC_WARN_64_TO_32_BIT_CONVERSION = YES;
				GCC_WARN_ABOUT_RETURN_TYPE = YES_ERROR;
				GCC_WARN_UNDECLARED_SELECTOR = YES;
				GCC_WARN_UNINITIALIZED_AUTOS = YES_AGGRESSIVE;
				GCC_WARN_UNUSED_FUNCTION = YES;
				GCC_WARN_UNUSED_VARIABLE = YES;
				IPHONEOS_DEPLOYMENT_TARGET = 9.2;
				MTL_ENABLE_DEBUG_INFO = NO;
				SDKROOT = iphoneos;
				TARGETED_DEVICE_FAMILY = "1,2";
				VALIDATE_PRODUCT = YES;
			};
			name = Release;
		};
		0ABA9EB91C7B4324007DA18D /* Debug */ = {
			isa = XCBuildConfiguration;
			buildSettings = {
				ASSETCATALOG_COMPILER_APPICON_NAME = AppIcon;
				INFOPLIST_FILE = TwitterClient/Info.plist;
				LD_RUNPATH_SEARCH_PATHS = "$(inherited) @executable_path/Frameworks";
				PRODUCT_BUNDLE_IDENTIFIER = "com.lise-ho.TwitterClient";
				PRODUCT_NAME = "$(TARGET_NAME)";
			};
			name = Debug;
		};
		0ABA9EBA1C7B4324007DA18D /* Release */ = {
			isa = XCBuildConfiguration;
			buildSettings = {
				ASSETCATALOG_COMPILER_APPICON_NAME = AppIcon;
				INFOPLIST_FILE = TwitterClient/Info.plist;
				LD_RUNPATH_SEARCH_PATHS = "$(inherited) @executable_path/Frameworks";
				PRODUCT_BUNDLE_IDENTIFIER = "com.lise-ho.TwitterClient";
				PRODUCT_NAME = "$(TARGET_NAME)";
			};
			name = Release;
		};
		0ABA9EBC1C7B4324007DA18D /* Debug */ = {
			isa = XCBuildConfiguration;
			buildSettings = {
				BUNDLE_LOADER = "$(TEST_HOST)";
				INFOPLIST_FILE = TwitterClientTests/Info.plist;
				LD_RUNPATH_SEARCH_PATHS = "$(inherited) @executable_path/Frameworks @loader_path/Frameworks";
				PRODUCT_BUNDLE_IDENTIFIER = "com.lise-ho.TwitterClientTests";
				PRODUCT_NAME = "$(TARGET_NAME)";
				TEST_HOST = "$(BUILT_PRODUCTS_DIR)/TwitterClient.app/TwitterClient";
			};
			name = Debug;
		};
		0ABA9EBD1C7B4324007DA18D /* Release */ = {
			isa = XCBuildConfiguration;
			buildSettings = {
				BUNDLE_LOADER = "$(TEST_HOST)";
				INFOPLIST_FILE = TwitterClientTests/Info.plist;
				LD_RUNPATH_SEARCH_PATHS = "$(inherited) @executable_path/Frameworks @loader_path/Frameworks";
				PRODUCT_BUNDLE_IDENTIFIER = "com.lise-ho.TwitterClientTests";
				PRODUCT_NAME = "$(TARGET_NAME)";
				TEST_HOST = "$(BUILT_PRODUCTS_DIR)/TwitterClient.app/TwitterClient";
			};
			name = Release;
		};
		0ABA9EBF1C7B4324007DA18D /* Debug */ = {
			isa = XCBuildConfiguration;
			buildSettings = {
				INFOPLIST_FILE = TwitterClientUITests/Info.plist;
				LD_RUNPATH_SEARCH_PATHS = "$(inherited) @executable_path/Frameworks @loader_path/Frameworks";
				PRODUCT_BUNDLE_IDENTIFIER = "com.lise-ho.TwitterClientUITests";
				PRODUCT_NAME = "$(TARGET_NAME)";
				TEST_TARGET_NAME = TwitterClient;
				USES_XCTRUNNER = YES;
			};
			name = Debug;
		};
		0ABA9EC01C7B4324007DA18D /* Release */ = {
			isa = XCBuildConfiguration;
			buildSettings = {
				INFOPLIST_FILE = TwitterClientUITests/Info.plist;
				LD_RUNPATH_SEARCH_PATHS = "$(inherited) @executable_path/Frameworks @loader_path/Frameworks";
				PRODUCT_BUNDLE_IDENTIFIER = "com.lise-ho.TwitterClientUITests";
				PRODUCT_NAME = "$(TARGET_NAME)";
				TEST_TARGET_NAME = TwitterClient;
				USES_XCTRUNNER = YES;
			};
			name = Release;
		};
/* End XCBuildConfiguration section */

/* Begin XCConfigurationList section */
		0ABA9E891C7B4324007DA18D /* Build configuration list for PBXProject "TwitterClient" */ = {
			isa = XCConfigurationList;
			buildConfigurations = (
				0ABA9EB61C7B4324007DA18D /* Debug */,
				0ABA9EB71C7B4324007DA18D /* Release */,
			);
			defaultConfigurationIsVisible = 0;
			defaultConfigurationName = Release;
		};
		0ABA9EB81C7B4324007DA18D /* Build configuration list for PBXNativeTarget "TwitterClient" */ = {
			isa = XCConfigurationList;
			buildConfigurations = (
				0ABA9EB91C7B4324007DA18D /* Debug */,
				0ABA9EBA1C7B4324007DA18D /* Release */,
			);
			defaultConfigurationIsVisible = 0;
		};
		0ABA9EBB1C7B4324007DA18D /* Build configuration list for PBXNativeTarget "TwitterClientTests" */ = {
			isa = XCConfigurationList;
			buildConfigurations = (
				0ABA9EBC1C7B4324007DA18D /* Debug */,
				0ABA9EBD1C7B4324007DA18D /* Release */,
			);
			defaultConfigurationIsVisible = 0;
		};
		0ABA9EBE1C7B4324007DA18D /* Build configuration list for PBXNativeTarget "TwitterClientUITests" */ = {
			isa = XCConfigurationList;
			buildConfigurations = (
				0ABA9EBF1C7B4324007DA18D /* Debug */,
				0ABA9EC01C7B4324007DA18D /* Release */,
			);
			defaultConfigurationIsVisible = 0;
		};
/* End XCConfigurationList section */
	};
	rootObject = 0ABA9E861C7B4324007DA18D /* Project object */;
}
